// !$*UTF8*$!
{
	archiveVersion = 1;
	classes = {
	};
	objectVersion = 77;
	objects = {

/* Begin PBXBuildFile section */
		6B3F73192E98F14A00F8C253 /* AWSAPIPlugin in Frameworks */ = {isa = PBXBuildFile; productRef = 6B3F73182E98F14A00F8C253 /* AWSAPIPlugin */; };
		6B3F731B2E98F14A00F8C253 /* AWSCognitoAuthPlugin in Frameworks */ = {isa = PBXBuildFile; productRef = 6B3F731A2E98F14A00F8C253 /* AWSCognitoAuthPlugin */; };
		6B3F731D2E98F14A00F8C253 /* Amplify in Frameworks */ = {isa = PBXBuildFile; productRef = 6B3F731C2E98F14A00F8C253 /* Amplify */; };
/* End PBXBuildFile section */

/* Begin PBXContainerItemProxy section */
		6B3C4BE32D8624DE004F53DC /* PBXContainerItemProxy */ = {
			isa = PBXContainerItemProxy;
			containerPortal = 6B3C4BCA2D8624DD004F53DC /* Project object */;
			proxyType = 1;
			remoteGlobalIDString = 6B3C4BD12D8624DD004F53DC;
			remoteInfo = BitriseBankingiOSDemo;
		};
		6B3C4BED2D8624DE004F53DC /* PBXContainerItemProxy */ = {
			isa = PBXContainerItemProxy;
			containerPortal = 6B3C4BCA2D8624DD004F53DC /* Project object */;
			proxyType = 1;
			remoteGlobalIDString = 6B3C4BD12D8624DD004F53DC;
			remoteInfo = BitriseBankingiOSDemo;
		};
/* End PBXContainerItemProxy section */

/* Begin PBXFileReference section */
		6B3C4BD22D8624DD004F53DC /* BitriseBankingiOSDemo.app */ = {isa = PBXFileReference; explicitFileType = wrapper.application; includeInIndex = 0; path = BitriseBankingiOSDemo.app; sourceTree = BUILT_PRODUCTS_DIR; };
		6B3C4BE22D8624DE004F53DC /* BitriseBankingiOSDemoTests.xctest */ = {isa = PBXFileReference; explicitFileType = wrapper.cfbundle; includeInIndex = 0; path = BitriseBankingiOSDemoTests.xctest; sourceTree = BUILT_PRODUCTS_DIR; };
		6B3C4BEC2D8624DE004F53DC /* BitriseBankingiOSDemoUITests.xctest */ = {isa = PBXFileReference; explicitFileType = wrapper.cfbundle; includeInIndex = 0; path = BitriseBankingiOSDemoUITests.xctest; sourceTree = BUILT_PRODUCTS_DIR; };
/* End PBXFileReference section */

/* Begin PBXFileSystemSynchronizedBuildFileExceptionSet section */
		6B86D09E2DC02357007180CB /* Exceptions for "BitriseBankingiOSDemo" folder in "BitriseBankingiOSDemo" target */ = {
			isa = PBXFileSystemSynchronizedBuildFileExceptionSet;
			membershipExceptions = (
				Info.plist,
			);
			target = 6B3C4BD12D8624DD004F53DC /* BitriseBankingiOSDemo */;
		};
/* End PBXFileSystemSynchronizedBuildFileExceptionSet section */

/* Begin PBXFileSystemSynchronizedRootGroup section */
		6B3C4BD42D8624DD004F53DC /* BitriseBankingiOSDemo */ = {
			isa = PBXFileSystemSynchronizedRootGroup;
			exceptions = (
				6B86D09E2DC02357007180CB /* Exceptions for "BitriseBankingiOSDemo" folder in "BitriseBankingiOSDemo" target */,
			);
			path = BitriseBankingiOSDemo;
			sourceTree = "<group>";
		};
		6B3C4BE52D8624DE004F53DC /* BitriseBankingiOSDemoTests */ = {
			isa = PBXFileSystemSynchronizedRootGroup;
			path = BitriseBankingiOSDemoTests;
			sourceTree = "<group>";
		};
		6B3C4BEF2D8624DE004F53DC /* BitriseBankingiOSDemoUITests */ = {
			isa = PBXFileSystemSynchronizedRootGroup;
			path = BitriseBankingiOSDemoUITests;
			sourceTree = "<group>";
		};
/* End PBXFileSystemSynchronizedRootGroup section */

/* Begin PBXFrameworksBuildPhase section */
		6B3C4BCF2D8624DD004F53DC /* Frameworks */ = {
			isa = PBXFrameworksBuildPhase;
			buildActionMask = 2147483647;
			files = (
				6B3F731D2E98F14A00F8C253 /* Amplify in Frameworks */,
				6B3F73192E98F14A00F8C253 /* AWSAPIPlugin in Frameworks */,
				6B3F731B2E98F14A00F8C253 /* AWSCognitoAuthPlugin in Frameworks */,
			);
			runOnlyForDeploymentPostprocessing = 0;
		};
		6B3C4BDF2D8624DE004F53DC /* Frameworks */ = {
			isa = PBXFrameworksBuildPhase;
			buildActionMask = 2147483647;
			files = (
			);
			runOnlyForDeploymentPostprocessing = 0;
		};
		6B3C4BE92D8624DE004F53DC /* Frameworks */ = {
			isa = PBXFrameworksBuildPhase;
			buildActionMask = 2147483647;
			files = (
			);
			runOnlyForDeploymentPostprocessing = 0;
		};
/* End PBXFrameworksBuildPhase section */

/* Begin PBXGroup section */
		6B3C4BC92D8624DD004F53DC = {
			isa = PBXGroup;
			children = (
				6B3C4BD42D8624DD004F53DC /* BitriseBankingiOSDemo */,
				6B3C4BE52D8624DE004F53DC /* BitriseBankingiOSDemoTests */,
				6B3C4BEF2D8624DE004F53DC /* BitriseBankingiOSDemoUITests */,
				6B3C4BD32D8624DD004F53DC /* Products */,
			);
			sourceTree = "<group>";
		};
		6B3C4BD32D8624DD004F53DC /* Products */ = {
			isa = PBXGroup;
			children = (
				6B3C4BD22D8624DD004F53DC /* BitriseBankingiOSDemo.app */,
				6B3C4BE22D8624DE004F53DC /* BitriseBankingiOSDemoTests.xctest */,
				6B3C4BEC2D8624DE004F53DC /* BitriseBankingiOSDemoUITests.xctest */,
			);
			name = Products;
			sourceTree = "<group>";
		};
/* End PBXGroup section */

/* Begin PBXNativeTarget section */
		6B3C4BD12D8624DD004F53DC /* BitriseBankingiOSDemo */ = {
			isa = PBXNativeTarget;
			buildConfigurationList = 6B3C4BF62D8624DE004F53DC /* Build configuration list for PBXNativeTarget "BitriseBankingiOSDemo" */;
			buildPhases = (
				6B3C4BCE2D8624DD004F53DC /* Sources */,
				6B3C4BCF2D8624DD004F53DC /* Frameworks */,
				6B3C4BD02D8624DD004F53DC /* Resources */,
			);
			buildRules = (
			);
			dependencies = (
			);
			fileSystemSynchronizedGroups = (
				6B3C4BD42D8624DD004F53DC /* BitriseBankingiOSDemo */,
			);
			name = BitriseBankingiOSDemo;
			packageProductDependencies = (
				6B3F73182E98F14A00F8C253 /* AWSAPIPlugin */,
				6B3F731A2E98F14A00F8C253 /* AWSCognitoAuthPlugin */,
				6B3F731C2E98F14A00F8C253 /* Amplify */,
			);
			productName = BitriseBankingiOSDemo;
			productReference = 6B3C4BD22D8624DD004F53DC /* BitriseBankingiOSDemo.app */;
			productType = "com.apple.product-type.application";
		};
		6B3C4BE12D8624DE004F53DC /* BitriseBankingiOSDemoTests */ = {
			isa = PBXNativeTarget;
			buildConfigurationList = 6B3C4BF92D8624DE004F53DC /* Build configuration list for PBXNativeTarget "BitriseBankingiOSDemoTests" */;
			buildPhases = (
				6B3C4BDE2D8624DE004F53DC /* Sources */,
				6B3C4BDF2D8624DE004F53DC /* Frameworks */,
				6B3C4BE02D8624DE004F53DC /* Resources */,
			);
			buildRules = (
			);
			dependencies = (
				6B3C4BE42D8624DE004F53DC /* PBXTargetDependency */,
			);
			fileSystemSynchronizedGroups = (
				6B3C4BE52D8624DE004F53DC /* BitriseBankingiOSDemoTests */,
			);
			name = BitriseBankingiOSDemoTests;
			packageProductDependencies = (
			);
			productName = BitriseBankingiOSDemoTests;
			productReference = 6B3C4BE22D8624DE004F53DC /* BitriseBankingiOSDemoTests.xctest */;
			productType = "com.apple.product-type.bundle.unit-test";
		};
		6B3C4BEB2D8624DE004F53DC /* BitriseBankingiOSDemoUITests */ = {
			isa = PBXNativeTarget;
			buildConfigurationList = 6B3C4BFC2D8624DE004F53DC /* Build configuration list for PBXNativeTarget "BitriseBankingiOSDemoUITests" */;
			buildPhases = (
				6B3C4BE82D8624DE004F53DC /* Sources */,
				6B3C4BE92D8624DE004F53DC /* Frameworks */,
				6B3C4BEA2D8624DE004F53DC /* Resources */,
			);
			buildRules = (
			);
			dependencies = (
				6B3C4BEE2D8624DE004F53DC /* PBXTargetDependency */,
			);
			fileSystemSynchronizedGroups = (
				6B3C4BEF2D8624DE004F53DC /* BitriseBankingiOSDemoUITests */,
			);
			name = BitriseBankingiOSDemoUITests;
			packageProductDependencies = (
			);
			productName = BitriseBankingiOSDemoUITests;
			productReference = 6B3C4BEC2D8624DE004F53DC /* BitriseBankingiOSDemoUITests.xctest */;
			productType = "com.apple.product-type.bundle.ui-testing";
		};
/* End PBXNativeTarget section */

/* Begin PBXProject section */
		6B3C4BCA2D8624DD004F53DC /* Project object */ = {
			isa = PBXProject;
			attributes = {
				BuildIndependentTargetsInParallel = 1;
				LastSwiftUpdateCheck = 1620;
				LastUpgradeCheck = 1620;
				TargetAttributes = {
					6B3C4BD12D8624DD004F53DC = {
						CreatedOnToolsVersion = 16.2;
					};
					6B3C4BE12D8624DE004F53DC = {
						CreatedOnToolsVersion = 16.2;
						TestTargetID = 6B3C4BD12D8624DD004F53DC;
					};
					6B3C4BEB2D8624DE004F53DC = {
						CreatedOnToolsVersion = 16.2;
						TestTargetID = 6B3C4BD12D8624DD004F53DC;
					};
				};
			};
			buildConfigurationList = 6B3C4BCD2D8624DD004F53DC /* Build configuration list for PBXProject "BitriseBankingiOSDemo" */;
			developmentRegion = en;
			hasScannedForEncodings = 0;
			knownRegions = (
				en,
				Base,
			);
			mainGroup = 6B3C4BC92D8624DD004F53DC;
			minimizedProjectReferenceProxies = 1;
			packageReferences = (
				6B3F73172E98F14A00F8C253 /* XCRemoteSwiftPackageReference "amplify-swift" */,
			);
			preferredProjectObjectVersion = 77;
			productRefGroup = 6B3C4BD32D8624DD004F53DC /* Products */;
			projectDirPath = "";
			projectRoot = "";
			targets = (
				6B3C4BD12D8624DD004F53DC /* BitriseBankingiOSDemo */,
				6B3C4BE12D8624DE004F53DC /* BitriseBankingiOSDemoTests */,
				6B3C4BEB2D8624DE004F53DC /* BitriseBankingiOSDemoUITests */,
			);
		};
/* End PBXProject section */

/* Begin PBXResourcesBuildPhase section */
		6B3C4BD02D8624DD004F53DC /* Resources */ = {
			isa = PBXResourcesBuildPhase;
			buildActionMask = 2147483647;
			files = (
			);
			runOnlyForDeploymentPostprocessing = 0;
		};
		6B3C4BE02D8624DE004F53DC /* Resources */ = {
			isa = PBXResourcesBuildPhase;
			buildActionMask = 2147483647;
			files = (
			);
			runOnlyForDeploymentPostprocessing = 0;
		};
		6B3C4BEA2D8624DE004F53DC /* Resources */ = {
			isa = PBXResourcesBuildPhase;
			buildActionMask = 2147483647;
			files = (
			);
			runOnlyForDeploymentPostprocessing = 0;
		};
/* End PBXResourcesBuildPhase section */

/* Begin PBXSourcesBuildPhase section */
		6B3C4BCE2D8624DD004F53DC /* Sources */ = {
			isa = PBXSourcesBuildPhase;
			buildActionMask = 2147483647;
			files = (
			);
			runOnlyForDeploymentPostprocessing = 0;
		};
		6B3C4BDE2D8624DE004F53DC /* Sources */ = {
			isa = PBXSourcesBuildPhase;
			buildActionMask = 2147483647;
			files = (
			);
			runOnlyForDeploymentPostprocessing = 0;
		};
		6B3C4BE82D8624DE004F53DC /* Sources */ = {
			isa = PBXSourcesBuildPhase;
			buildActionMask = 2147483647;
			files = (
			);
			runOnlyForDeploymentPostprocessing = 0;
		};
/* End PBXSourcesBuildPhase section */

/* Begin PBXTargetDependency section */
		6B3C4BE42D8624DE004F53DC /* PBXTargetDependency */ = {
			isa = PBXTargetDependency;
			target = 6B3C4BD12D8624DD004F53DC /* BitriseBankingiOSDemo */;
			targetProxy = 6B3C4BE32D8624DE004F53DC /* PBXContainerItemProxy */;
		};
		6B3C4BEE2D8624DE004F53DC /* PBXTargetDependency */ = {
			isa = PBXTargetDependency;
			target = 6B3C4BD12D8624DD004F53DC /* BitriseBankingiOSDemo */;
			targetProxy = 6B3C4BED2D8624DE004F53DC /* PBXContainerItemProxy */;
		};
/* End PBXTargetDependency section */

/* Begin XCBuildConfiguration section */
		6B3C4BF42D8624DE004F53DC /* Debug */ = {
			isa = XCBuildConfiguration;
			buildSettings = {
				ALWAYS_SEARCH_USER_PATHS = NO;
				ASSETCATALOG_COMPILER_GENERATE_SWIFT_ASSET_SYMBOL_EXTENSIONS = YES;
				CLANG_ANALYZER_NONNULL = YES;
				CLANG_ANALYZER_NUMBER_OBJECT_CONVERSION = YES_AGGRESSIVE;
				CLANG_CXX_LANGUAGE_STANDARD = "gnu++20";
				CLANG_ENABLE_MODULES = YES;
				CLANG_ENABLE_OBJC_ARC = YES;
				CLANG_ENABLE_OBJC_WEAK = YES;
				CLANG_WARN_BLOCK_CAPTURE_AUTORELEASING = YES;
				CLANG_WARN_BOOL_CONVERSION = YES;
				CLANG_WARN_COMMA = YES;
				CLANG_WARN_CONSTANT_CONVERSION = YES;
				CLANG_WARN_DEPRECATED_OBJC_IMPLEMENTATIONS = YES;
				CLANG_WARN_DIRECT_OBJC_ISA_USAGE = YES_ERROR;
				CLANG_WARN_DOCUMENTATION_COMMENTS = YES;
				CLANG_WARN_EMPTY_BODY = YES;
				CLANG_WARN_ENUM_CONVERSION = YES;
				CLANG_WARN_INFINITE_RECURSION = YES;
				CLANG_WARN_INT_CONVERSION = YES;
				CLANG_WARN_NON_LITERAL_NULL_CONVERSION = YES;
				CLANG_WARN_OBJC_IMPLICIT_RETAIN_SELF = YES;
				CLANG_WARN_OBJC_LITERAL_CONVERSION = YES;
				CLANG_WARN_OBJC_ROOT_CLASS = YES_ERROR;
				CLANG_WARN_QUOTED_INCLUDE_IN_FRAMEWORK_HEADER = YES;
				CLANG_WARN_RANGE_LOOP_ANALYSIS = YES;
				CLANG_WARN_STRICT_PROTOTYPES = YES;
				CLANG_WARN_SUSPICIOUS_MOVE = YES;
				CLANG_WARN_UNGUARDED_AVAILABILITY = YES_AGGRESSIVE;
				CLANG_WARN_UNREACHABLE_CODE = YES;
				CLANG_WARN__DUPLICATE_METHOD_MATCH = YES;
				COPY_PHASE_STRIP = NO;
				DEBUG_INFORMATION_FORMAT = dwarf;
				ENABLE_STRICT_OBJC_MSGSEND = YES;
				ENABLE_TESTABILITY = YES;
				ENABLE_USER_SCRIPT_SANDBOXING = YES;
				GCC_C_LANGUAGE_STANDARD = gnu17;
				GCC_DYNAMIC_NO_PIC = NO;
				GCC_NO_COMMON_BLOCKS = YES;
				GCC_OPTIMIZATION_LEVEL = 0;
				GCC_PREPROCESSOR_DEFINITIONS = (
					"DEBUG=1",
					"$(inherited)",
				);
				GCC_WARN_64_TO_32_BIT_CONVERSION = YES;
				GCC_WARN_ABOUT_RETURN_TYPE = YES_ERROR;
				GCC_WARN_UNDECLARED_SELECTOR = YES;
				GCC_WARN_UNINITIALIZED_AUTOS = YES_AGGRESSIVE;
				GCC_WARN_UNUSED_FUNCTION = YES;
				GCC_WARN_UNUSED_VARIABLE = YES;
				IPHONEOS_DEPLOYMENT_TARGET = 18.2;
				LOCALIZATION_PREFERS_STRING_CATALOGS = YES;
				MTL_ENABLE_DEBUG_INFO = INCLUDE_SOURCE;
				MTL_FAST_MATH = YES;
				ONLY_ACTIVE_ARCH = YES;
				SDKROOT = iphoneos;
				SWIFT_ACTIVE_COMPILATION_CONDITIONS = "DEBUG $(inherited)";
				SWIFT_OPTIMIZATION_LEVEL = "-Onone";
			};
			name = Debug;
		};
		6B3C4BF52D8624DE004F53DC /* Release */ = {
			isa = XCBuildConfiguration;
			buildSettings = {
				ALWAYS_SEARCH_USER_PATHS = NO;
				ASSETCATALOG_COMPILER_GENERATE_SWIFT_ASSET_SYMBOL_EXTENSIONS = YES;
				CLANG_ANALYZER_NONNULL = YES;
				CLANG_ANALYZER_NUMBER_OBJECT_CONVERSION = YES_AGGRESSIVE;
				CLANG_CXX_LANGUAGE_STANDARD = "gnu++20";
				CLANG_ENABLE_MODULES = YES;
				CLANG_ENABLE_OBJC_ARC = YES;
				CLANG_ENABLE_OBJC_WEAK = YES;
				CLANG_WARN_BLOCK_CAPTURE_AUTORELEASING = YES;
				CLANG_WARN_BOOL_CONVERSION = YES;
				CLANG_WARN_COMMA = YES;
				CLANG_WARN_CONSTANT_CONVERSION = YES;
				CLANG_WARN_DEPRECATED_OBJC_IMPLEMENTATIONS = YES;
				CLANG_WARN_DIRECT_OBJC_ISA_USAGE = YES_ERROR;
				CLANG_WARN_DOCUMENTATION_COMMENTS = YES;
				CLANG_WARN_EMPTY_BODY = YES;
				CLANG_WARN_ENUM_CONVERSION = YES;
				CLANG_WARN_INFINITE_RECURSION = YES;
				CLANG_WARN_INT_CONVERSION = YES;
				CLANG_WARN_NON_LITERAL_NULL_CONVERSION = YES;
				CLANG_WARN_OBJC_IMPLICIT_RETAIN_SELF = YES;
				CLANG_WARN_OBJC_LITERAL_CONVERSION = YES;
				CLANG_WARN_OBJC_ROOT_CLASS = YES_ERROR;
				CLANG_WARN_QUOTED_INCLUDE_IN_FRAMEWORK_HEADER = YES;
				CLANG_WARN_RANGE_LOOP_ANALYSIS = YES;
				CLANG_WARN_STRICT_PROTOTYPES = YES;
				CLANG_WARN_SUSPICIOUS_MOVE = YES;
				CLANG_WARN_UNGUARDED_AVAILABILITY = YES_AGGRESSIVE;
				CLANG_WARN_UNREACHABLE_CODE = YES;
				CLANG_WARN__DUPLICATE_METHOD_MATCH = YES;
				COPY_PHASE_STRIP = NO;
				DEBUG_INFORMATION_FORMAT = "dwarf-with-dsym";
				ENABLE_NS_ASSERTIONS = NO;
				ENABLE_STRICT_OBJC_MSGSEND = YES;
				ENABLE_USER_SCRIPT_SANDBOXING = YES;
				GCC_C_LANGUAGE_STANDARD = gnu17;
				GCC_NO_COMMON_BLOCKS = YES;
				GCC_WARN_64_TO_32_BIT_CONVERSION = YES;
				GCC_WARN_ABOUT_RETURN_TYPE = YES_ERROR;
				GCC_WARN_UNDECLARED_SELECTOR = YES;
				GCC_WARN_UNINITIALIZED_AUTOS = YES_AGGRESSIVE;
				GCC_WARN_UNUSED_FUNCTION = YES;
				GCC_WARN_UNUSED_VARIABLE = YES;
				IPHONEOS_DEPLOYMENT_TARGET = 18.2;
				LOCALIZATION_PREFERS_STRING_CATALOGS = YES;
				MTL_ENABLE_DEBUG_INFO = NO;
				MTL_FAST_MATH = YES;
				SDKROOT = iphoneos;
				SWIFT_COMPILATION_MODE = wholemodule;
				VALIDATE_PRODUCT = YES;
			};
			name = Release;
		};
		6B3C4BF72D8624DE004F53DC /* Debug */ = {
			isa = XCBuildConfiguration;
			buildSettings = {
				ASSETCATALOG_COMPILER_APPICON_NAME = AppIcon;
				ASSETCATALOG_COMPILER_GLOBAL_ACCENT_COLOR_NAME = AccentColor;
				CODE_SIGN_STYLE = Automatic;
				CURRENT_PROJECT_VERSION = 1.3.15;
				DEVELOPMENT_ASSET_PATHS = "\"BitriseBankingiOSDemo/Preview Content\"";
				DEVELOPMENT_TEAM = DT2C2FZ7U2;
				ENABLE_PREVIEWS = YES;
				GENERATE_INFOPLIST_FILE = YES;
				INFOPLIST_FILE = BitriseBankingiOSDemo/Info.plist;
				INFOPLIST_KEY_LSApplicationCategoryType = "public.app-category.finance";
				INFOPLIST_KEY_UIApplicationSceneManifest_Generation = YES;
				INFOPLIST_KEY_UIApplicationSupportsIndirectInputEvents = YES;
				INFOPLIST_KEY_UILaunchScreen_Generation = YES;
				INFOPLIST_KEY_UISupportedInterfaceOrientations = UIInterfaceOrientationPortrait;
				INFOPLIST_KEY_UISupportedInterfaceOrientations_iPad = "UIInterfaceOrientationLandscapeLeft UIInterfaceOrientationLandscapeRight UIInterfaceOrientationPortrait UIInterfaceOrientationPortraitUpsideDown";
				LD_RUNPATH_SEARCH_PATHS = (
					"$(inherited)",
					"@executable_path/Frameworks",
				);
				MARKETING_VERSION = 1.3;
				PRODUCT_BUNDLE_IDENTIFIER = com.BitriseBankingiOSDemo;
				PRODUCT_NAME = "$(TARGET_NAME)";
				SUPPORTED_PLATFORMS = "iphoneos iphonesimulator";
				SUPPORTS_MACCATALYST = NO;
				SUPPORTS_MAC_DESIGNED_FOR_IPHONE_IPAD = NO;
				SWIFT_EMIT_LOC_STRINGS = YES;
				SWIFT_VERSION = 5.0;
				TARGETED_DEVICE_FAMILY = 1;
			};
			name = Debug;
		};
		6B3C4BF82D8624DE004F53DC /* Release */ = {
			isa = XCBuildConfiguration;
			buildSettings = {
				ASSETCATALOG_COMPILER_APPICON_NAME = AppIcon;
				ASSETCATALOG_COMPILER_GLOBAL_ACCENT_COLOR_NAME = AccentColor;
				CODE_SIGN_ENTITLEMENTS = BitriseBankingiOSDemo/BitriseBankingiOSDemoRelease.entitlements;
				CODE_SIGN_IDENTITY = "Apple Distribution: BITRISE LIMITED (DT2C2FZ7U2)";
				"CODE_SIGN_IDENTITY[sdk=iphoneos*]" = "Apple Distribution: BITRISE LIMITED (DT2C2FZ7U2)";
				CODE_SIGN_STYLE = Manual;
				CURRENT_PROJECT_VERSION = 1.3.15;
				DEVELOPMENT_ASSET_PATHS = "\"BitriseBankingiOSDemo/Preview Content\"";
				DEVELOPMENT_TEAM = "";
				"DEVELOPMENT_TEAM[sdk=iphoneos*]" = DT2C2FZ7U2;
				ENABLE_PREVIEWS = YES;
				GCC_PREPROCESSOR_DEFINITIONS = "";
				GENERATE_INFOPLIST_FILE = YES;
				INFOPLIST_FILE = BitriseBankingiOSDemo/Info.plist;
				INFOPLIST_KEY_LSApplicationCategoryType = "public.app-category.finance";
				INFOPLIST_KEY_UIApplicationSceneManifest_Generation = YES;
				INFOPLIST_KEY_UIApplicationSupportsIndirectInputEvents = YES;
				INFOPLIST_KEY_UILaunchScreen_Generation = YES;
				INFOPLIST_KEY_UISupportedInterfaceOrientations = UIInterfaceOrientationPortrait;
				INFOPLIST_KEY_UISupportedInterfaceOrientations_iPad = "UIInterfaceOrientationLandscapeLeft UIInterfaceOrientationLandscapeRight UIInterfaceOrientationPortrait UIInterfaceOrientationPortraitUpsideDown";
				INFOPLIST_OTHER_PREPROCESSOR_FLAGS = "";
				LD_RUNPATH_SEARCH_PATHS = (
					"$(inherited)",
					"@executable_path/Frameworks",
				);
				MARKETING_VERSION = 1.3;
				PRODUCT_BUNDLE_IDENTIFIER = com.BitriseBankingiOSDemo;
				PRODUCT_NAME = "$(TARGET_NAME)";
				PROVISIONING_PROFILE_SPECIFIER = "";
				"PROVISIONING_PROFILE_SPECIFIER[sdk=iphoneos*]" = BitriseBankingiOSDemo;
				SUPPORTED_PLATFORMS = "iphoneos iphonesimulator";
				SUPPORTS_MACCATALYST = NO;
				SUPPORTS_MAC_DESIGNED_FOR_IPHONE_IPAD = NO;
				SWIFT_EMIT_LOC_STRINGS = YES;
				SWIFT_VERSION = 5.0;
				TARGETED_DEVICE_FAMILY = 1;
			};
			name = Release;
		};
		6B3C4BFA2D8624DE004F53DC /* Debug */ = {
			isa = XCBuildConfiguration;
			buildSettings = {
				BUNDLE_LOADER = "$(TEST_HOST)";
				CODE_SIGN_STYLE = Automatic;
				CURRENT_PROJECT_VERSION = 1;
				GENERATE_INFOPLIST_FILE = YES;
				IPHONEOS_DEPLOYMENT_TARGET = 18.2;
				MARKETING_VERSION = 1.0;
				PRODUCT_BUNDLE_IDENTIFIER = com.BitriseBankingiOSDemoTests;
				PRODUCT_NAME = "$(TARGET_NAME)";
				SWIFT_EMIT_LOC_STRINGS = NO;
				SWIFT_VERSION = 5.0;
				TARGETED_DEVICE_FAMILY = "1,2";
				TEST_HOST = "$(BUILT_PRODUCTS_DIR)/BitriseBankingiOSDemo.app/$(BUNDLE_EXECUTABLE_FOLDER_PATH)/BitriseBankingiOSDemo";
			};
			name = Debug;
		};
		6B3C4BFB2D8624DE004F53DC /* Release */ = {
			isa = XCBuildConfiguration;
			buildSettings = {
				BUNDLE_LOADER = "$(TEST_HOST)";
				CODE_SIGN_STYLE = Automatic;
				CURRENT_PROJECT_VERSION = 1;
				GENERATE_INFOPLIST_FILE = YES;
				IPHONEOS_DEPLOYMENT_TARGET = 18.2;
				MARKETING_VERSION = 1.0;
				PRODUCT_BUNDLE_IDENTIFIER = com.BitriseBankingiOSDemoTests;
				PRODUCT_NAME = "$(TARGET_NAME)";
				SWIFT_EMIT_LOC_STRINGS = NO;
				SWIFT_VERSION = 5.0;
				TARGETED_DEVICE_FAMILY = "1,2";
				TEST_HOST = "$(BUILT_PRODUCTS_DIR)/BitriseBankingiOSDemo.app/$(BUNDLE_EXECUTABLE_FOLDER_PATH)/BitriseBankingiOSDemo";
			};
			name = Release;
		};
		6B3C4BFD2D8624DE004F53DC /* Debug */ = {
			isa = XCBuildConfiguration;
			buildSettings = {
				CODE_SIGN_STYLE = Automatic;
				CURRENT_PROJECT_VERSION = 1;
				GENERATE_INFOPLIST_FILE = YES;
				IPHONEOS_DEPLOYMENT_TARGET = 26.0;
				MARKETING_VERSION = 1.0;
				PRODUCT_BUNDLE_IDENTIFIER = com.BitriseBankingiOSDemoUITests;
				PRODUCT_NAME = "$(TARGET_NAME)";
				SWIFT_EMIT_LOC_STRINGS = NO;
				SWIFT_VERSION = 5.0;
				TARGETED_DEVICE_FAMILY = "1,2";
				TEST_TARGET_NAME = BitriseBankingiOSDemo;
			};
			name = Debug;
		};
		6B3C4BFE2D8624DE004F53DC /* Release */ = {
			isa = XCBuildConfiguration;
			buildSettings = {
				CODE_SIGN_STYLE = Automatic;
				CURRENT_PROJECT_VERSION = 1;
				GENERATE_INFOPLIST_FILE = YES;
				IPHONEOS_DEPLOYMENT_TARGET = 26.0;
				MARKETING_VERSION = 1.0;
				PRODUCT_BUNDLE_IDENTIFIER = com.BitriseBankingiOSDemoUITests;
				PRODUCT_NAME = "$(TARGET_NAME)";
				SWIFT_EMIT_LOC_STRINGS = NO;
				SWIFT_VERSION = 5.0;
				TARGETED_DEVICE_FAMILY = "1,2";
				TEST_TARGET_NAME = BitriseBankingiOSDemo;
			};
			name = Release;
		};
/* End XCBuildConfiguration section */

/* Begin XCConfigurationList section */
		6B3C4BCD2D8624DD004F53DC /* Build configuration list for PBXProject "BitriseBankingiOSDemo" */ = {
			isa = XCConfigurationList;
			buildConfigurations = (
				6B3C4BF42D8624DE004F53DC /* Debug */,
				6B3C4BF52D8624DE004F53DC /* Release */,
			);
			defaultConfigurationIsVisible = 0;
			defaultConfigurationName = Release;
		};
		6B3C4BF62D8624DE004F53DC /* Build configuration list for PBXNativeTarget "BitriseBankingiOSDemo" */ = {
			isa = XCConfigurationList;
			buildConfigurations = (
				6B3C4BF72D8624DE004F53DC /* Debug */,
				6B3C4BF82D8624DE004F53DC /* Release */,
			);
			defaultConfigurationIsVisible = 0;
			defaultConfigurationName = Release;
		};
		6B3C4BF92D8624DE004F53DC /* Build configuration list for PBXNativeTarget "BitriseBankingiOSDemoTests" */ = {
			isa = XCConfigurationList;
			buildConfigurations = (
				6B3C4BFA2D8624DE004F53DC /* Debug */,
				6B3C4BFB2D8624DE004F53DC /* Release */,
			);
			defaultConfigurationIsVisible = 0;
			defaultConfigurationName = Release;
		};
		6B3C4BFC2D8624DE004F53DC /* Build configuration list for PBXNativeTarget "BitriseBankingiOSDemoUITests" */ = {
			isa = XCConfigurationList;
			buildConfigurations = (
				6B3C4BFD2D8624DE004F53DC /* Debug */,
				6B3C4BFE2D8624DE004F53DC /* Release */,
			);
			defaultConfigurationIsVisible = 0;
			defaultConfigurationName = Release;
		};
/* End XCConfigurationList section */

/* Begin XCRemoteSwiftPackageReference section */
		6B3F73172E98F14A00F8C253 /* XCRemoteSwiftPackageReference "amplify-swift" */ = {
			isa = XCRemoteSwiftPackageReference;
			repositoryURL = "https://github.com/aws-amplify/amplify-swift.git";
			requirement = {
				kind = upToNextMajorVersion;
				minimumVersion = 2.49.1;
			};
		};
/* End XCRemoteSwiftPackageReference section */

/* Begin XCSwiftPackageProductDependency section */
		6B3F73182E98F14A00F8C253 /* AWSAPIPlugin */ = {
			isa = XCSwiftPackageProductDependency;
			package = 6B3F73172E98F14A00F8C253 /* XCRemoteSwiftPackageReference "amplify-swift" */;
			productName = AWSAPIPlugin;
		};
		6B3F731A2E98F14A00F8C253 /* AWSCognitoAuthPlugin */ = {
			isa = XCSwiftPackageProductDependency;
			package = 6B3F73172E98F14A00F8C253 /* XCRemoteSwiftPackageReference "amplify-swift" */;
			productName = AWSCognitoAuthPlugin;
		};
		6B3F731C2E98F14A00F8C253 /* Amplify */ = {
			isa = XCSwiftPackageProductDependency;
			package = 6B3F73172E98F14A00F8C253 /* XCRemoteSwiftPackageReference "amplify-swift" */;
			productName = Amplify;
		};
/* End XCSwiftPackageProductDependency section */
	};
	rootObject = 6B3C4BCA2D8624DD004F53DC /* Project object */;
}
